
Microsoft Visual Studio Solution File, Format Version 12.00
# Visual Studio Version 16
VisualStudioVersion = 16.0.30002.166
MinimumVisualStudioVersion = 10.0.40219.1
Project("{9A19103F-16F7-4668-BE54-9A1E7A4F7556}") = "NLECA Core Newsletter App", "NLECA Core Newsletter App\NLECA Core Newsletter App.csproj", "{300B3D00-F5B2-40B3-AA20-126059668D33}"
EndProject
Project("{00D1A9C2-B5F0-4AF3-8072-F6C62B433612}") = "Database", "Database\Database.sqlproj", "{20BB52DF-4D49-4880-9040-E66FE7362A88}"
EndProject
Global
	GlobalSection(SolutionConfigurationPlatforms) = preSolution
		Debug|Any CPU = Debug|Any CPU
		Release|Any CPU = Release|Any CPU
	EndGlobalSection
	GlobalSection(ProjectConfigurationPlatforms) = postSolution
		{300B3D00-F5B2-40B3-AA20-126059668D33}.Debug|Any CPU.ActiveCfg = Debug|Any CPU
		{300B3D00-F5B2-40B3-AA20-126059668D33}.Debug|Any CPU.Build.0 = Debug|Any CPU
		{300B3D00-F5B2-40B3-AA20-126059668D33}.Release|Any CPU.ActiveCfg = Release|Any CPU
		{300B3D00-F5B2-40B3-AA20-126059668D33}.Release|Any CPU.Build.0 = Release|Any CPU
		{20BB52DF-4D49-4880-9040-E66FE7362A88}.Debug|Any CPU.ActiveCfg = Debug|Any CPU
		{20BB52DF-4D49-4880-9040-E66FE7362A88}.Debug|Any CPU.Build.0 = Debug|Any CPU
		{20BB52DF-4D49-4880-9040-E66FE7362A88}.Debug|Any CPU.Deploy.0 = Debug|Any CPU
		{20BB52DF-4D49-4880-9040-E66FE7362A88}.Release|Any CPU.ActiveCfg = Release|Any CPU
		{20BB52DF-4D49-4880-9040-E66FE7362A88}.Release|Any CPU.Build.0 = Release|Any CPU
		{20BB52DF-4D49-4880-9040-E66FE7362A88}.Release|Any CPU.Deploy.0 = Release|Any CPU
	EndGlobalSection
	GlobalSection(SolutionProperties) = preSolution
		HideSolutionNode = FALSE
	EndGlobalSection
	GlobalSection(ExtensibilityGlobals) = postSolution
		SolutionGuid = {B95A974F-F662-49F2-AAF6-ABAED13F19DB}
	EndGlobalSection
EndGlobal
